
Microsoft Visual Studio Solution File, Format Version 12.00
# Visual Studio Version 17
VisualStudioVersion = 17.5.33516.290
MinimumVisualStudioVersion = 10.0.40219.1
Project("{FAE04EC0-301F-11D3-BF4B-00C04F79EFBC}") = "Repair Mimaki HPGL Code", "Repair Mimaki HPGL Code\Repair Mimaki HPGL Code.csproj", "{6375073D-215B-4CF2-88F9-EC941B5C5213}"
EndProject
Global
	GlobalSection(SolutionConfigurationPlatforms) = preSolution
		Debug|Any CPU = Debug|Any CPU
		Release|Any CPU = Release|Any CPU
	EndGlobalSection
	GlobalSection(ProjectConfigurationPlatforms) = postSolution
		{6375073D-215B-4CF2-88F9-EC941B5C5213}.Debug|Any CPU.ActiveCfg = Debug|Any CPU
		{6375073D-215B-4CF2-88F9-EC941B5C5213}.Debug|Any CPU.Build.0 = Debug|Any CPU
		{6375073D-215B-4CF2-88F9-EC941B5C5213}.Release|Any CPU.ActiveCfg = Release|Any CPU
		{6375073D-215B-4CF2-88F9-EC941B5C5213}.Release|Any CPU.Build.0 = Release|Any CPU
	EndGlobalSection
	GlobalSection(SolutionProperties) = preSolution
		HideSolutionNode = FALSE
	EndGlobalSection
	GlobalSection(ExtensibilityGlobals) = postSolution
		SolutionGuid = {124EC7B0-E9B8-4CEA-8EC3-24F1FF30A42B}
	EndGlobalSection
EndGlobal
